{
  "name": "ecom(demo)",
  "lockfileVersion": 3,
  "requires": true,
  "packages": {
    "": {
      "dependencies": {
        "primeflex": "^3.3.1",
        "primeicons": "^6.0.1",
        "primeng": "^17.0.0-rc.1"
      },
      "devDependencies": {
        "prettier": "3.1"
      }
    },
    "node_modules/@angular/common": {
      "version": "17.0.5",
      "resolved": "https://registry.npmjs.org/@angular/common/-/common-17.0.5.tgz",
      "integrity": "sha512-1vFZ7nd8xyAYh/DwFtRuSieP8Dy/6QuOxl914/TOUr26F1a4e+7ywCyMLVjmYjx+WkZe7uu/Hgpr2raBaVTnQw==",
      "peer": true,
      "dependencies": {
        "tslib": "^2.3.0"
      },
      "engines": {
        "node": "^18.13.0 || >=20.9.0"
      },
      "peerDependencies": {
        "@angular/core": "17.0.5",
        "rxjs": "^6.5.3 || ^7.4.0"
      }
    },
    "node_modules/@angular/core": {
      "version": "17.0.5",
      "resolved": "https://registry.npmjs.org/@angular/core/-/core-17.0.5.tgz",
      "integrity": "sha512-siWUrdBWgTAqMnRF+qxGZznj5AdR/x3+8l0/bj4CkSZzwZGL/CHy40ec71bbgiPkYob1v4v40voXu2aSSeCLPg==",
      "peer": true,
      "dependencies": {
        "tslib": "^2.3.0"
      },
      "engines": {
        "node": "^18.13.0 || >=20.9.0"
      },
      "peerDependencies": {
        "rxjs": "^6.5.3 || ^7.4.0",
        "zone.js": "~0.14.0"
      }
    },
    "node_modules/@angular/forms": {
      "version": "17.0.5",
      "resolved": "https://registry.npmjs.org/@angular/forms/-/forms-17.0.5.tgz",
      "integrity": "sha512-d91Rre/NK+SgamF1OJmDJUx+Zs8M7qFmrKu7c+hNsXPe8J/fkMNoWFikne/WSsegwY929E1xpeqvu/KXQt90ug==",
      "peer": true,
      "dependencies": {
        "tslib": "^2.3.0"
      },
      "engines": {
        "node": "^18.13.0 || >=20.9.0"
      },
      "peerDependencies": {
        "@angular/common": "17.0.5",
        "@angular/core": "17.0.5",
        "@angular/platform-browser": "17.0.5",
        "rxjs": "^6.5.3 || ^7.4.0"
      }
    },
    "node_modules/@angular/platform-browser": {
      "version": "17.0.5",
      "resolved": "https://registry.npmjs.org/@angular/platform-browser/-/platform-browser-17.0.5.tgz",
      "integrity": "sha512-VJQ6bVS40xJLNGNcX59/QFPrZesIm2zETOqAc6K04onuWF1EnJqvcDog9eYJsm0sLWhQeCdWVmAFRenTkDoqng==",
      "peer": true,
      "dependencies": {
        "tslib": "^2.3.0"
      },
      "engines": {
        "node": "^18.13.0 || >=20.9.0"
      },
      "peerDependencies": {
        "@angular/animations": "17.0.5",
        "@angular/common": "17.0.5",
        "@angular/core": "17.0.5"
      },
      "peerDependenciesMeta": {
        "@angular/animations": {
          "optional": true
        }
      }
    },
    "node_modules/prettier": {
      "version": "3.1.0",
      "resolved": "https://registry.npmjs.org/prettier/-/prettier-3.1.0.tgz",
      "integrity": "sha512-TQLvXjq5IAibjh8EpBIkNKxO749UEWABoiIZehEPiY4GNpVdhaFKqSTu+QrlU6D2dPAfubRmtJTi4K4YkQ5eXw==",
      "dev": true,
      "bin": {
        "prettier": "bin/prettier.cjs"
      },
      "engines": {
        "node": ">=14"
      },
      "funding": {
        "url": "https://github.com/prettier/prettier?sponsor=1"
      }
    },
    "node_modules/primeflex": {
      "version": "3.3.1",
      "resolved": "https://registry.npmjs.org/primeflex/-/primeflex-3.3.1.tgz",
      "integrity": "sha512-zaOq3YvcOYytbAmKv3zYc+0VNS9Wg5d37dfxZnveKBFPr7vEIwfV5ydrpiouTft8MVW6qNjfkaQphHSnvgQbpQ=="
    },
    "node_modules/primeicons": {
      "version": "6.0.1",
      "resolved": "https://registry.npmjs.org/primeicons/-/primeicons-6.0.1.tgz",
      "integrity": "sha512-KDeO94CbWI4pKsPnYpA1FPjo79EsY9I+M8ywoPBSf9XMXoe/0crjbUK7jcQEDHuc0ZMRIZsxH3TYLv4TUtHmAA=="
    },
    "node_modules/primeng": {
      "version": "17.0.0-rc.1",
      "resolved": "https://registry.npmjs.org/primeng/-/primeng-17.0.0-rc.1.tgz",
      "integrity": "sha512-S1z7DnP2p3Ia6KmBICHXsrxAlSVIiIyu6jSEKnuQTrUiTWMsaJnZX8IMHp+d21f8Q35HsS65etxyqxt8wn/MVQ==",
      "dependencies": {
        "tslib": "^2.3.0"
      },
      "peerDependencies": {
        "@angular/common": "^17.0.0",
        "@angular/core": "^17.0.0",
        "@angular/forms": "^17.0.0",
        "rxjs": "^6.0.0 || ^7.8.1",
        "zone.js": "~0.14.0"
      }
    },
    "node_modules/rxjs": {
      "version": "7.8.1",
      "resolved": "https://registry.npmjs.org/rxjs/-/rxjs-7.8.1.tgz",
      "integrity": "sha512-AA3TVj+0A2iuIoQkWEK/tqFjBq2j+6PO6Y0zJcvzLAFhEFIO3HL0vls9hWLncZbAAbK0mar7oZ4V079I/qPMxg==",
      "peer": true,
      "dependencies": {
        "tslib": "^2.1.0"
      }
    },
    "node_modules/tslib": {
      "version": "2.6.2",
      "resolved": "https://registry.npmjs.org/tslib/-/tslib-2.6.2.tgz",
      "integrity": "sha512-AEYxH93jGFPn/a2iVAwW87VuUIkR1FVUKB77NwMF7nBTDkDrrT/Hpt/IrCJ0QXhW27jTBDcf5ZY7w6RiqTMw2Q=="
    },
    "node_modules/zone.js": {
      "version": "0.14.2",
      "resolved": "https://registry.npmjs.org/zone.js/-/zone.js-0.14.2.tgz",
      "integrity": "sha512-X4U7J1isDhoOmHmFWiLhloWc2lzMkdnumtfQ1LXzf/IOZp5NQYuMUTaviVzG/q1ugMBIXzin2AqeVJUoSEkNyQ==",
      "peer": true,
      "dependencies": {
        "tslib": "^2.3.0"
      }
    }
  }
}
